
Microsoft Visual Studio Solution File, Format Version 12.00
Project("{FAE04EC0-301F-11D3-BF4B-00C04F79EFBC}") = "Workflow.Application", "Workflow.Application\Workflow.Application.csproj", "{38156413-1782-4CED-B7AA-1DB40405725E}"
EndProject
Project("{FAE04EC0-301F-11D3-BF4B-00C04F79EFBC}") = "Workflow.Api", "Workflow.Api\Workflow.Api.csproj", "{1309548D-0DF7-406C-B470-6E0C0661C521}"
EndProject
Global
	GlobalSection(SolutionConfigurationPlatforms) = preSolution
		Debug|Any CPU = Debug|Any CPU
		Release|Any CPU = Release|Any CPU
	EndGlobalSection
	GlobalSection(ProjectConfigurationPlatforms) = postSolution
		{38156413-1782-4CED-B7AA-1DB40405725E}.Debug|Any CPU.ActiveCfg = Debug|Any CPU
		{38156413-1782-4CED-B7AA-1DB40405725E}.Debug|Any CPU.Build.0 = Debug|Any CPU
		{38156413-1782-4CED-B7AA-1DB40405725E}.Release|Any CPU.ActiveCfg = Release|Any CPU
		{38156413-1782-4CED-B7AA-1DB40405725E}.Release|Any CPU.Build.0 = Release|Any CPU
		{1309548D-0DF7-406C-B470-6E0C0661C521}.Debug|Any CPU.ActiveCfg = Debug|Any CPU
		{1309548D-0DF7-406C-B470-6E0C0661C521}.Debug|Any CPU.Build.0 = Debug|Any CPU
		{1309548D-0DF7-406C-B470-6E0C0661C521}.Release|Any CPU.ActiveCfg = Release|Any CPU
		{1309548D-0DF7-406C-B470-6E0C0661C521}.Release|Any CPU.Build.0 = Release|Any CPU
	EndGlobalSection
EndGlobal
